// !$*UTF8*$!
{
	archiveVersion = 1;
	classes = {
	};
	objectVersion = 46;
	objects = {

/* Begin PBXBuildFile section */
		A14E284D1D139A5700EC0D46 /* AppDelegate.swift in Sources */ = {isa = PBXBuildFile; fileRef = A14E284C1D139A5700EC0D46 /* AppDelegate.swift */; };
		A14E284F1D139A5700EC0D46 /* ViewController.swift in Sources */ = {isa = PBXBuildFile; fileRef = A14E284E1D139A5700EC0D46 /* ViewController.swift */; };
		A14E28521D139A5700EC0D46 /* Main.storyboard in Resources */ = {isa = PBXBuildFile; fileRef = A14E28501D139A5700EC0D46 /* Main.storyboard */; };
		A14E28541D139A5700EC0D46 /* Assets.xcassets in Resources */ = {isa = PBXBuildFile; fileRef = A14E28531D139A5700EC0D46 /* Assets.xcassets */; };
		A14E28571D139A5700EC0D46 /* LaunchScreen.storyboard in Resources */ = {isa = PBXBuildFile; fileRef = A14E28551D139A5700EC0D46 /* LaunchScreen.storyboard */; };
		A14E285F1D13B1F100EC0D46 /* InputViewController.swift in Sources */ = {isa = PBXBuildFile; fileRef = A14E285E1D13B1F100EC0D46 /* InputViewController.swift */; };
		A19451A81D13D54C00A10289 /* Task.swift in Sources */ = {isa = PBXBuildFile; fileRef = A19451A71D13D54C00A10289 /* Task.swift */; };
		E6DD22E45222A8C6ADE50075 /* Pods_taskapp.framework in Frameworks */ = {isa = PBXBuildFile; fileRef = D4D2F78E9D7CD99D6E8E3750 /* Pods_taskapp.framework */; };
/* End PBXBuildFile section */

/* Begin PBXFileReference section */
		5A78A2BC8DC6F290AAF70B23 /* Pods-taskapp.debug.xcconfig */ = {isa = PBXFileReference; includeInIndex = 1; lastKnownFileType = text.xcconfig; name = "Pods-taskapp.debug.xcconfig"; path = "Pods/Target Support Files/Pods-taskapp/Pods-taskapp.debug.xcconfig"; sourceTree = "<group>"; };
		A14E28491D139A5700EC0D46 /* taskapp.app */ = {isa = PBXFileReference; explicitFileType = wrapper.application; includeInIndex = 0; path = taskapp.app; sourceTree = BUILT_PRODUCTS_DIR; };
		A14E284C1D139A5700EC0D46 /* AppDelegate.swift */ = {isa = PBXFileReference; lastKnownFileType = sourcecode.swift; path = AppDelegate.swift; sourceTree = "<group>"; };
		A14E284E1D139A5700EC0D46 /* ViewController.swift */ = {isa = PBXFileReference; lastKnownFileType = sourcecode.swift; path = ViewController.swift; sourceTree = "<group>"; };
		A14E28511D139A5700EC0D46 /* Base */ = {isa = PBXFileReference; lastKnownFileType = file.storyboard; name = Base; path = Base.lproj/Main.storyboard; sourceTree = "<group>"; };
		A14E28531D139A5700EC0D46 /* Assets.xcassets */ = {isa = PBXFileReference; lastKnownFileType = folder.assetcatalog; path = Assets.xcassets; sourceTree = "<group>"; };
		A14E28561D139A5700EC0D46 /* Base */ = {isa = PBXFileReference; lastKnownFileType = file.storyboard; name = Base; path = Base.lproj/LaunchScreen.storyboard; sourceTree = "<group>"; };
		A14E28581D139A5700EC0D46 /* Info.plist */ = {isa = PBXFileReference; lastKnownFileType = text.plist.xml; path = Info.plist; sourceTree = "<group>"; };
		A14E285E1D13B1F100EC0D46 /* InputViewController.swift */ = {isa = PBXFileReference; fileEncoding = 4; lastKnownFileType = sourcecode.swift; path = InputViewController.swift; sourceTree = "<group>"; };
		A19451A71D13D54C00A10289 /* Task.swift */ = {isa = PBXFileReference; fileEncoding = 4; lastKnownFileType = sourcecode.swift; path = Task.swift; sourceTree = "<group>"; };
		D4D2F78E9D7CD99D6E8E3750 /* Pods_taskapp.framework */ = {isa = PBXFileReference; explicitFileType = wrapper.framework; includeInIndex = 0; path = Pods_taskapp.framework; sourceTree = BUILT_PRODUCTS_DIR; };
		DACD742D4DC33B04DC5ABD43 /* Pods-taskapp.release.xcconfig */ = {isa = PBXFileReference; includeInIndex = 1; lastKnownFileType = text.xcconfig; name = "Pods-taskapp.release.xcconfig"; path = "Pods/Target Support Files/Pods-taskapp/Pods-taskapp.release.xcconfig"; sourceTree = "<group>"; };
/* End PBXFileReference section */

/* Begin PBXFrameworksBuildPhase section */
		A14E28461D139A5700EC0D46 /* Frameworks */ = {
			isa = PBXFrameworksBuildPhase;
			buildActionMask = 2147483647;
			files = (
				E6DD22E45222A8C6ADE50075 /* Pods_taskapp.framework in Frameworks */,
			);
			runOnlyForDeploymentPostprocessing = 0;
		};
/* End PBXFrameworksBuildPhase section */

/* Begin PBXGroup section */
		47B57221C480100F5796D924 /* Frameworks */ = {
			isa = PBXGroup;
			children = (
				D4D2F78E9D7CD99D6E8E3750 /* Pods_taskapp.framework */,
			);
			name = Frameworks;
			sourceTree = "<group>";
		};
		A14E28401D139A5700EC0D46 = {
			isa = PBXGroup;
			children = (
				A14E284B1D139A5700EC0D46 /* taskapp */,
				A14E284A1D139A5700EC0D46 /* Products */,
				C26FBD19DCEBA545E54DEEB3 /* Pods */,
				47B57221C480100F5796D924 /* Frameworks */,
			);
			sourceTree = "<group>";
		};
		A14E284A1D139A5700EC0D46 /* Products */ = {
			isa = PBXGroup;
			children = (
				A14E28491D139A5700EC0D46 /* taskapp.app */,
			);
			name = Products;
			sourceTree = "<group>";
		};
		A14E284B1D139A5700EC0D46 /* taskapp */ = {
			isa = PBXGroup;
			children = (
				A14E284C1D139A5700EC0D46 /* AppDelegate.swift */,
				A14E284E1D139A5700EC0D46 /* ViewController.swift */,
				A14E285E1D13B1F100EC0D46 /* InputViewController.swift */,
				A14E28501D139A5700EC0D46 /* Main.storyboard */,
				A14E28531D139A5700EC0D46 /* Assets.xcassets */,
				A14E28551D139A5700EC0D46 /* LaunchScreen.storyboard */,
				A14E28581D139A5700EC0D46 /* Info.plist */,
				A19451A71D13D54C00A10289 /* Task.swift */,
			);
			path = taskapp;
			sourceTree = "<group>";
		};
		C26FBD19DCEBA545E54DEEB3 /* Pods */ = {
			isa = PBXGroup;
			children = (
				5A78A2BC8DC6F290AAF70B23 /* Pods-taskapp.debug.xcconfig */,
				DACD742D4DC33B04DC5ABD43 /* Pods-taskapp.release.xcconfig */,
			);
			name = Pods;
			sourceTree = "<group>";
		};
/* End PBXGroup section */

/* Begin PBXNativeTarget section */
		A14E28481D139A5700EC0D46 /* taskapp */ = {
			isa = PBXNativeTarget;
			buildConfigurationList = A14E285B1D139A5700EC0D46 /* Build configuration list for PBXNativeTarget "taskapp" */;
			buildPhases = (
				C46D536D40FEE17931C3EA69 /* [CP] Check Pods Manifest.lock */,
				A14E28451D139A5700EC0D46 /* Sources */,
				A14E28461D139A5700EC0D46 /* Frameworks */,
				A14E28471D139A5700EC0D46 /* Resources */,
				20E93B7A3AF957E4856636AD /* [CP] Embed Pods Frameworks */,
				434A620206EDF4D176DED788 /* [CP] Copy Pods Resources */,
			);
			buildRules = (
			);
			dependencies = (
			);
			name = taskapp;
			productName = taskapp;
			productReference = A14E28491D139A5700EC0D46 /* taskapp.app */;
			productType = "com.apple.product-type.application";
		};
/* End PBXNativeTarget section */

/* Begin PBXProject section */
		A14E28411D139A5700EC0D46 /* Project object */ = {
			isa = PBXProject;
			attributes = {
				LastSwiftUpdateCheck = 0730;
				LastUpgradeCheck = 0730;
				ORGANIZATIONNAME = "e-miya";
				TargetAttributes = {
					A14E28481D139A5700EC0D46 = {
						CreatedOnToolsVersion = 7.3.1;
						DevelopmentTeam = X4RUR26Z3S;
					};
				};
			};
			buildConfigurationList = A14E28441D139A5700EC0D46 /* Build configuration list for PBXProject "taskapp" */;
			compatibilityVersion = "Xcode 3.2";
			developmentRegion = English;
			hasScannedForEncodings = 0;
			knownRegions = (
				en,
				Base,
			);
			mainGroup = A14E28401D139A5700EC0D46;
			productRefGroup = A14E284A1D139A5700EC0D46 /* Products */;
			projectDirPath = "";
			projectRoot = "";
			targets = (
				A14E28481D139A5700EC0D46 /* taskapp */,
			);
		};
/* End PBXProject section */

/* Begin PBXResourcesBuildPhase section */
		A14E28471D139A5700EC0D46 /* Resources */ = {
			isa = PBXResourcesBuildPhase;
			buildActionMask = 2147483647;
			files = (
				A14E28571D139A5700EC0D46 /* LaunchScreen.storyboard in Resources */,
				A14E28541D139A5700EC0D46 /* Assets.xcassets in Resources */,
				A14E28521D139A5700EC0D46 /* Main.storyboard in Resources */,
			);
			runOnlyForDeploymentPostprocessing = 0;
		};
/* End PBXResourcesBuildPhase section */

/* Begin PBXShellScriptBuildPhase section */
		20E93B7A3AF957E4856636AD /* [CP] Embed Pods Frameworks */ = {
			isa = PBXShellScriptBuildPhase;
			buildActionMask = 2147483647;
			files = (
			);
			inputPaths = (
			);
			name = "[CP] Embed Pods Frameworks";
			outputPaths = (
			);
			runOnlyForDeploymentPostprocessing = 0;
			shellPath = /bin/sh;
			shellScript = "\"${SRCROOT}/Pods/Target Support Files/Pods-taskapp/Pods-taskapp-frameworks.sh\"\n";
			showEnvVarsInLog = 0;
		};
		434A620206EDF4D176DED788 /* [CP] Copy Pods Resources */ = {
			isa = PBXShellScriptBuildPhase;
			buildActionMask = 2147483647;
			files = (
			);
			inputPaths = (
			);
			name = "[CP] Copy Pods Resources";
			outputPaths = (
			);
			runOnlyForDeploymentPostprocessing = 0;
			shellPath = /bin/sh;
			shellScript = "\"${SRCROOT}/Pods/Target Support Files/Pods-taskapp/Pods-taskapp-resources.sh\"\n";
			showEnvVarsInLog = 0;
		};
		C46D536D40FEE17931C3EA69 /* [CP] Check Pods Manifest.lock */ = {
			isa = PBXShellScriptBuildPhase;
			buildActionMask = 2147483647;
			files = (
			);
			inputPaths = (
			);
			name = "[CP] Check Pods Manifest.lock";
			outputPaths = (
			);
			runOnlyForDeploymentPostprocessing = 0;
			shellPath = /bin/sh;
			shellScript = "diff \"${PODS_ROOT}/../Podfile.lock\" \"${PODS_ROOT}/Manifest.lock\" > /dev/null\nif [[ $? != 0 ]] ; then\n    cat << EOM\nerror: The sandbox is not in sync with the Podfile.lock. Run 'pod install' or update your CocoaPods installation.\nEOM\n    exit 1\nfi\n";
			showEnvVarsInLog = 0;
		};
/* End PBXShellScriptBuildPhase section */

/* Begin PBXSourcesBuildPhase section */
		A14E28451D139A5700EC0D46 /* Sources */ = {
			isa = PBXSourcesBuildPhase;
			buildActionMask = 2147483647;
			files = (
				A19451A81D13D54C00A10289 /* Task.swift in Sources */,
				A14E285F1D13B1F100EC0D46 /* InputViewController.swift in Sources */,
				A14E284F1D139A5700EC0D46 /* ViewController.swift in Sources */,
				A14E284D1D139A5700EC0D46 /* AppDelegate.swift in Sources */,
			);
			runOnlyForDeploymentPostprocessing = 0;
		};
/* End PBXSourcesBuildPhase section */

/* Begin PBXVariantGroup section */
		A14E28501D139A5700EC0D46 /* Main.storyboard */ = {
			isa = PBXVariantGroup;
			children = (
				A14E28511D139A5700EC0D46 /* Base */,
			);
			name = Main.storyboard;
			sourceTree = "<group>";
		};
		A14E28551D139A5700EC0D46 /* LaunchScreen.storyboard */ = {
			isa = PBXVariantGroup;
			children = (
				A14E28561D139A5700EC0D46 /* Base */,
			);
			name = LaunchScreen.storyboard;
			sourceTree = "<group>";
		};
/* End PBXVariantGroup section */

/* Begin XCBuildConfiguration section */
		A14E28591D139A5700EC0D46 /* Debug */ = {
			isa = XCBuildConfiguration;
			buildSettings = {
				ALWAYS_SEARCH_USER_PATHS = NO;
				CLANG_ANALYZER_NONNULL = YES;
				CLANG_CXX_LANGUAGE_STANDARD = "gnu++0x";
				CLANG_CXX_LIBRARY = "libc++";
				CLANG_ENABLE_MODULES = YES;
				CLANG_ENABLE_OBJC_ARC = YES;
				CLANG_WARN_BOOL_CONVERSION = YES;
				CLANG_WARN_CONSTANT_CONVERSION = YES;
				CLANG_WARN_DIRECT_OBJC_ISA_USAGE = YES_ERROR;
				CLANG_WARN_EMPTY_BODY = YES;
				CLANG_WARN_ENUM_CONVERSION = YES;
				CLANG_WARN_INT_CONVERSION = YES;
				CLANG_WARN_OBJC_ROOT_CLASS = YES_ERROR;
				CLANG_WARN_UNREACHABLE_CODE = YES;
				CLANG_WARN__DUPLICATE_METHOD_MATCH = YES;
				"CODE_SIGN_IDENTITY[sdk=iphoneos*]" = "iPhone Developer";
				COPY_PHASE_STRIP = NO;
				DEBUG_INFORMATION_FORMAT = dwarf;
				ENABLE_STRICT_OBJC_MSGSEND = YES;
				ENABLE_TESTABILITY = YES;
				GCC_C_LANGUAGE_STANDARD = gnu99;
				GCC_DYNAMIC_NO_PIC = NO;
				GCC_NO_COMMON_BLOCKS = YES;
				GCC_OPTIMIZATION_LEVEL = 0;
				GCC_PREPROCESSOR_DEFINITIONS = (
					"DEBUG=1",
					"$(inherited)",
				);
				GCC_WARN_64_TO_32_BIT_CONVERSION = YES;
				GCC_WARN_ABOUT_RETURN_TYPE = YES_ERROR;
				GCC_WARN_UNDECLARED_SELECTOR = YES;
				GCC_WARN_UNINITIALIZED_AUTOS = YES_AGGRESSIVE;
				GCC_WARN_UNUSED_FUNCTION = YES;
				GCC_WARN_UNUSED_VARIABLE = YES;
				IPHONEOS_DEPLOYMENT_TARGET = 9.3;
				MTL_ENABLE_DEBUG_INFO = YES;
				ONLY_ACTIVE_ARCH = YES;
				SDKROOT = iphoneos;
				SWIFT_OPTIMIZATION_LEVEL = "-Onone";
			};
			name = Debug;
		};
		A14E285A1D139A5700EC0D46 /* Release */ = {
			isa = XCBuildConfiguration;
			buildSettings = {
				ALWAYS_SEARCH_USER_PATHS = NO;
				CLANG_ANALYZER_NONNULL = YES;
				CLANG_CXX_LANGUAGE_STANDARD = "gnu++0x";
				CLANG_CXX_LIBRARY = "libc++";
				CLANG_ENABLE_MODULES = YES;
				CLANG_ENABLE_OBJC_ARC = YES;
				CLANG_WARN_BOOL_CONVERSION = YES;
				CLANG_WARN_CONSTANT_CONVERSION = YES;
				CLANG_WARN_DIRECT_OBJC_ISA_USAGE = YES_ERROR;
				CLANG_WARN_EMPTY_BODY = YES;
				CLANG_WARN_ENUM_CONVERSION = YES;
				CLANG_WARN_INT_CONVERSION = YES;
				CLANG_WARN_OBJC_ROOT_CLASS = YES_ERROR;
				CLANG_WARN_UNREACHABLE_CODE = YES;
				CLANG_WARN__DUPLICATE_METHOD_MATCH = YES;
				"CODE_SIGN_IDENTITY[sdk=iphoneos*]" = "iPhone Developer";
				COPY_PHASE_STRIP = NO;
				DEBUG_INFORMATION_FORMAT = "dwarf-with-dsym";
				ENABLE_NS_ASSERTIONS = NO;
				ENABLE_STRICT_OBJC_MSGSEND = YES;
				GCC_C_LANGUAGE_STANDARD = gnu99;
				GCC_NO_COMMON_BLOCKS = YES;
				GCC_WARN_64_TO_32_BIT_CONVERSION = YES;
				GCC_WARN_ABOUT_RETURN_TYPE = YES_ERROR;
				GCC_WARN_UNDECLARED_SELECTOR = YES;
				GCC_WARN_UNINITIALIZED_AUTOS = YES_AGGRESSIVE;
				GCC_WARN_UNUSED_FUNCTION = YES;
				GCC_WARN_UNUSED_VARIABLE = YES;
				IPHONEOS_DEPLOYMENT_TARGET = 9.3;
				MTL_ENABLE_DEBUG_INFO = NO;
				SDKROOT = iphoneos;
				VALIDATE_PRODUCT = YES;
			};
			name = Release;
		};
		A14E285C1D139A5700EC0D46 /* Debug */ = {
			isa = XCBuildConfiguration;
			baseConfigurationReference = 5A78A2BC8DC6F290AAF70B23 /* Pods-taskapp.debug.xcconfig */;
			buildSettings = {
				ASSETCATALOG_COMPILER_APPICON_NAME = AppIcon;
				FRAMEWORK_SEARCH_PATHS = (
					"$(inherited)",
					"$(PROJECT_DIR)/build/Debug-iphoneos/RealmSwift",
				);
				INFOPLIST_FILE = taskapp/Info.plist;
				LD_RUNPATH_SEARCH_PATHS = "$(inherited) @executable_path/Frameworks";
				PRODUCT_BUNDLE_IDENTIFIER = jp.techacademy.eimi.miyazaki.taskapp;
				PRODUCT_NAME = "$(TARGET_NAME)";
			};
			name = Debug;
		};
		A14E285D1D139A5700EC0D46 /* Release */ = {
			isa = XCBuildConfiguration;
			baseConfigurationReference = DACD742D4DC33B04DC5ABD43 /* Pods-taskapp.release.xcconfig */;
			buildSettings = {
				ASSETCATALOG_COMPILER_APPICON_NAME = AppIcon;
				FRAMEWORK_SEARCH_PATHS = (
					"$(inherited)",
					"$(PROJECT_DIR)/build/Debug-iphoneos/RealmSwift",
				);
				INFOPLIST_FILE = taskapp/Info.plist;
				LD_RUNPATH_SEARCH_PATHS = "$(inherited) @executable_path/Frameworks";
				PRODUCT_BUNDLE_IDENTIFIER = jp.techacademy.eimi.miyazaki.taskapp;
				PRODUCT_NAME = "$(TARGET_NAME)";
			};
			name = Release;
		};
/* End XCBuildConfiguration section */

/* Begin XCConfigurationList section */
		A14E28441D139A5700EC0D46 /* Build configuration list for PBXProject "taskapp" */ = {
			isa = XCConfigurationList;
			buildConfigurations = (
				A14E28591D139A5700EC0D46 /* Debug */,
				A14E285A1D139A5700EC0D46 /* Release */,
			);
			defaultConfigurationIsVisible = 0;
			defaultConfigurationName = Release;
		};
		A14E285B1D139A5700EC0D46 /* Build configuration list for PBXNativeTarget "taskapp" */ = {
			isa = XCConfigurationList;
			buildConfigurations = (
				A14E285C1D139A5700EC0D46 /* Debug */,
				A14E285D1D139A5700EC0D46 /* Release */,
			);
			defaultConfigurationIsVisible = 0;
			defaultConfigurationName = Release;
		};
/* End XCConfigurationList section */
	};
	rootObject = A14E28411D139A5700EC0D46 /* Project object */;
}
